# THIS IS AN AUTOGENERATED FILE. DO NOT EDIT THIS FILE DIRECTLY.
# yarn lockfile v1


"@adraffy/ens-normalize@^1.8.8":
  version "1.10.0"
  resolved "https://registry.npmjs.org/@adraffy/ens-normalize/-/ens-normalize-1.10.0.tgz"
  integrity sha512-nA9XHtlAkYfJxY7bce8DcN7eKxWWCWkU+1GR9d+U6MbNpfwQp8TI7vqOsBsMcHoT4mBu2kypKoSKnghEzOOq5Q==

"@babel/runtime@^7.17.2", "@babel/runtime@^7.23.2":
  version "7.23.5"
  resolved "https://registry.npmjs.org/@babel/runtime/-/runtime-7.23.5.tgz"
  integrity sha512-NdUTHcPe4C99WxPub+K9l9tK5/lV4UXIoaHSYgzco9BCyjKAAwzdBI+wWtYqHt7LJdbo74ZjRPJgzVweq1sz0w==
  dependencies:
    regenerator-runtime "^0.14.0"

"@ethereumjs/rlp@^4.0.1":
  version "4.0.1"
  resolved "https://registry.npmjs.org/@ethereumjs/rlp/-/rlp-4.0.1.tgz"
  integrity sha512-tqsQiBQDQdmPWE1xkkBq4rlSW5QZpLOUJ5RJh2/9fug+q9tnUhuZoVLk7s0scUIKTOzEtR72DFBXI4WiZcMpvw==

"@ethereumjs/util@^8.1.0":
  version "8.1.0"
  resolved "https://registry.npmjs.org/@ethereumjs/util/-/util-8.1.0.tgz"
  integrity sha512-zQ0IqbdX8FZ9aw11vP+dZkKDkS+kgIvQPHnSAXzP9pLu+Rfu3D3XEeLbicvoXJTYnhZiPmsZUxgdzXwNKxRPbA==
  dependencies:
    "@ethereumjs/rlp" "^4.0.1"
    ethereum-cryptography "^2.0.0"
    micro-ftch "^0.3.1"

"@ewoudenberg/difflib@0.1.0":
  version "0.1.0"
  resolved "https://registry.yarnpkg.com/@ewoudenberg/difflib/-/difflib-0.1.0.tgz#a2ae5d3321ffa7c1b47691cf0db189d1264aaaa4"
  integrity sha512-OU5P5mJyD3OoWYMWY+yIgwvgNS9cFAU10f+DDuvtogcWQOoJIsQ4Hy2McSfUfhKjq8L0FuWVb4Rt7kgA+XK86A==
  dependencies:
    heap ">= 0.2.0"

"@metaplex-foundation/digital-asset-standard-api@^1.0.0-alpha.0":
  version "1.0.0"
  resolved "https://registry.npmjs.org/@metaplex-foundation/digital-asset-standard-api/-/digital-asset-standard-api-1.0.0.tgz"
  integrity sha512-RShZFkLa3SKl8Rs13okG9vG3N3ZfRrcHBImEEds3Rb8mghHWGU3IL2+X9FdIRMnE44jNJ3vZlVeEBU3kIZPBvw==

"@metaplex-foundation/mpl-bubblegum@^3.0.0":
  version "3.0.0"
  resolved "https://registry.npmjs.org/@metaplex-foundation/mpl-bubblegum/-/mpl-bubblegum-3.0.0.tgz"
  integrity sha512-L21TK2U/wdYMaW0w0Ih7KSJeiVswTSlftR6dMpi7x5E/GyO893z1HnNRzj1qwqF973bsJwfOekNhQIGZkfCONg==
  dependencies:
    "@metaplex-foundation/digital-asset-standard-api" "^1.0.0-alpha.0"
    "@metaplex-foundation/mpl-token-metadata" "3.0.0-alpha.27"
    "@metaplex-foundation/mpl-toolbox" "^0.9.0"
    "@noble/hashes" "^1.3.1"
    merkletreejs "^0.3.9"

"@metaplex-foundation/mpl-token-metadata@3.0.0-alpha.27":
  version "3.0.0-alpha.27"
  resolved "https://registry.npmjs.org/@metaplex-foundation/mpl-token-metadata/-/mpl-token-metadata-3.0.0-alpha.27.tgz"
  integrity sha512-MSERz5HB2XZ/K+FOMh0tPeqcZZEpGVzdy7e+Cy3MHg7x52JtbGBDtWIoxBJn1OBZayCBfX9gytEoqrXe2YRGqQ==
  dependencies:
    "@metaplex-foundation/mpl-toolbox" "^0.9.0"

"@metaplex-foundation/mpl-toolbox@^0.9.0":
  version "0.9.1"
  resolved "https://registry.npmjs.org/@metaplex-foundation/mpl-toolbox/-/mpl-toolbox-0.9.1.tgz"
  integrity sha512-Jm98H997MrDfKItjA8bxfsQa+ijVVR6YmMapSd0l75+nKo6Ca0eve/tv2z4qudMS2A4HbH6NLKSW3JHkutzvkQ==

"@metaplex-foundation/umi-bundle-defaults@^0.8.10":
  version "0.8.10"
  resolved "https://registry.npmjs.org/@metaplex-foundation/umi-bundle-defaults/-/umi-bundle-defaults-0.8.10.tgz"
  integrity sha512-eqt5uJlDb6SNV0qB7BiTWbRAk1Mnl22ve3qHRxalqvDGQ2bklEY6RzBZWC+R/eQnJ+pVsp7Dd34bhxY3I+Ht7g==
  dependencies:
    "@metaplex-foundation/umi-downloader-http" "^0.8.10"
    "@metaplex-foundation/umi-eddsa-web3js" "^0.8.10"
    "@metaplex-foundation/umi-http-fetch" "^0.8.10"
    "@metaplex-foundation/umi-program-repository" "^0.8.10"
    "@metaplex-foundation/umi-rpc-chunk-get-accounts" "^0.8.10"
    "@metaplex-foundation/umi-rpc-web3js" "^0.8.10"
    "@metaplex-foundation/umi-serializer-data-view" "^0.8.10"
    "@metaplex-foundation/umi-transaction-factory-web3js" "^0.8.10"

"@metaplex-foundation/umi-downloader-http@^0.8.10":
  version "0.8.10"
  resolved "https://registry.npmjs.org/@metaplex-foundation/umi-downloader-http/-/umi-downloader-http-0.8.10.tgz"
  integrity sha512-i0YbSaPvo0/49XazVL+jmm3PpRSeE4bc8E1TUUsUCXrpb6lSup6u0cx7vYij2mis91UDhdO8hTgdxFwNdqvFHQ==

"@metaplex-foundation/umi-eddsa-web3js@^0.8.10":
  version "0.8.10"
  resolved "https://registry.npmjs.org/@metaplex-foundation/umi-eddsa-web3js/-/umi-eddsa-web3js-0.8.10.tgz"
  integrity sha512-2CLsuQ67oPKczB7RuG07/Ro1rrW25vGZArren20/zBTgHubGIuFW7V8e9qZDqkHDt1nFecxrX55g0fNtQaU40g==
  dependencies:
    "@metaplex-foundation/umi-web3js-adapters" "^0.8.10"
    "@noble/curves" "^1.0.0"

"@metaplex-foundation/umi-http-fetch@^0.8.10":
  version "0.8.10"
  resolved "https://registry.npmjs.org/@metaplex-foundation/umi-http-fetch/-/umi-http-fetch-0.8.10.tgz"
  integrity sha512-9QkVMaM8A8JFaTSanVJT3R7IzeLn05xrK7fFnfCTASaTvk+7Dj8ZsgXQjuyCi1pXQrMN+EsREn2NE/tn48ffMQ==
  dependencies:
    node-fetch "^2.6.7"

"@metaplex-foundation/umi-options@^0.8.9":
  version "0.8.9"
  resolved "https://registry.npmjs.org/@metaplex-foundation/umi-options/-/umi-options-0.8.9.tgz"
  integrity sha512-jSQ61sZMPSAk/TXn8v8fPqtz3x8d0/blVZXLLbpVbo2/T5XobiI6/MfmlUosAjAUaQl6bHRF8aIIqZEFkJiy4A==

"@metaplex-foundation/umi-program-repository@^0.8.10":
  version "0.8.10"
  resolved "https://registry.npmjs.org/@metaplex-foundation/umi-program-repository/-/umi-program-repository-0.8.10.tgz"
  integrity sha512-zw+UMOg9z3xqqeosRfctmcnaDYkaoMMvqhu7Vpwt7K9tpVtMaMT5yei29ORvaYpiEVG5hZSbywr/vQsNY0EV9g==

"@metaplex-foundation/umi-public-keys@^0.8.9":
  version "0.8.9"
  resolved "https://registry.npmjs.org/@metaplex-foundation/umi-public-keys/-/umi-public-keys-0.8.9.tgz"
  integrity sha512-CxMzN7dgVGOq9OcNCJe2casKUpJ3RmTVoOvDFyeoTQuK+vkZ1YSSahbqC1iGuHEtKTLSjtWjKvUU6O7zWFTw3Q==
  dependencies:
    "@metaplex-foundation/umi-serializers-encodings" "^0.8.9"

"@metaplex-foundation/umi-rpc-chunk-get-accounts@^0.8.10":
  version "0.8.10"
  resolved "https://registry.npmjs.org/@metaplex-foundation/umi-rpc-chunk-get-accounts/-/umi-rpc-chunk-get-accounts-0.8.10.tgz"
  integrity sha512-+fiQ+yza7C5N/vvCzDxoXkdE8NDg/Q5FOWCa4ysuupHB4P3/Ah+M5zJdB739I047ykIi+Fy/+JqmWsSZQsHNHA==

"@metaplex-foundation/umi-rpc-web3js@^0.8.10":
  version "0.8.10"
  resolved "https://registry.npmjs.org/@metaplex-foundation/umi-rpc-web3js/-/umi-rpc-web3js-0.8.10.tgz"
  integrity sha512-+60uxlX1OcThL2UIW9dbcy0Ihr011ggxkQYSxc1qh4qitgD9wrZZ/v9nX4tzEN88a52UJGhH5G3SF6CNmqy4aw==
  dependencies:
    "@metaplex-foundation/umi-web3js-adapters" "^0.8.10"

"@metaplex-foundation/umi-serializer-data-view@^0.8.10":
  version "0.8.10"
  resolved "https://registry.npmjs.org/@metaplex-foundation/umi-serializer-data-view/-/umi-serializer-data-view-0.8.10.tgz"
  integrity sha512-DVKUQw7FEfpRIE9RF4YU73Mwlaf42RAWDgcycNiYFWpj/FLRebNr+2NT3ALYlOqXsAchnCAYjlQVxCB0Sopn9Q==

"@metaplex-foundation/umi-serializers-core@^0.8.9":
  version "0.8.9"
  resolved "https://registry.npmjs.org/@metaplex-foundation/umi-serializers-core/-/umi-serializers-core-0.8.9.tgz"
  integrity sha512-WT82tkiYJ0Qmscp7uTj1Hz6aWQPETwaKLAENAUN5DeWghkuBKtuxyBKVvEOuoXerJSdhiAk0e8DWA4cxcTTQ/w==

"@metaplex-foundation/umi-serializers-encodings@^0.8.9":
  version "0.8.9"
  resolved "https://registry.npmjs.org/@metaplex-foundation/umi-serializers-encodings/-/umi-serializers-encodings-0.8.9.tgz"
  integrity sha512-N3VWLDTJ0bzzMKcJDL08U3FaqRmwlN79FyE4BHj6bbAaJ9LEHjDQ9RJijZyWqTm0jE7I750fU7Ow5EZL38Xi6Q==
  dependencies:
    "@metaplex-foundation/umi-serializers-core" "^0.8.9"

"@metaplex-foundation/umi-serializers-numbers@^0.8.9":
  version "0.8.9"
  resolved "https://registry.npmjs.org/@metaplex-foundation/umi-serializers-numbers/-/umi-serializers-numbers-0.8.9.tgz"
  integrity sha512-NtBf1fnVNQJHFQjLFzRu2i9GGnigb9hOm/Gfrk628d0q0tRJB7BOM3bs5C61VAs7kJs4yd+pDNVAERJkknQ7Lg==
  dependencies:
    "@metaplex-foundation/umi-serializers-core" "^0.8.9"

"@metaplex-foundation/umi-serializers@^0.8.9":
  version "0.8.9"
  resolved "https://registry.npmjs.org/@metaplex-foundation/umi-serializers/-/umi-serializers-0.8.9.tgz"
  integrity sha512-Sve8Etm3zqvLSUfza+MYRkjTnCpiaAFT7VWdqeHzA3n58P0AfT3p74RrZwVt/UFkxI+ln8BslwBDJmwzcPkuHw==
  dependencies:
    "@metaplex-foundation/umi-options" "^0.8.9"
    "@metaplex-foundation/umi-public-keys" "^0.8.9"
    "@metaplex-foundation/umi-serializers-core" "^0.8.9"
    "@metaplex-foundation/umi-serializers-encodings" "^0.8.9"
    "@metaplex-foundation/umi-serializers-numbers" "^0.8.9"

"@metaplex-foundation/umi-transaction-factory-web3js@^0.8.10":
  version "0.8.10"
  resolved "https://registry.npmjs.org/@metaplex-foundation/umi-transaction-factory-web3js/-/umi-transaction-factory-web3js-0.8.10.tgz"
  integrity sha512-hnkDKdtuZgY6DKH6aSEd6UrZGi5/WvfYqJUWeM8SVl1/8GhNypNKWvuppvFHpU9X2tLXuF4JSG4TVxAuIs9LBQ==
  dependencies:
    "@metaplex-foundation/umi-web3js-adapters" "^0.8.10"

"@metaplex-foundation/umi-web3js-adapters@^0.8.10":
  version "0.8.10"
  resolved "https://registry.npmjs.org/@metaplex-foundation/umi-web3js-adapters/-/umi-web3js-adapters-0.8.10.tgz"
  integrity sha512-TGF+vzO/v0HMRM8sz1M1yh+wfZ5l4RCFm1Kkcy5MC9FrNDookPP6y9aYZ3R0QkEVVV3u+8QLptrTUrxr3EGmyQ==
  dependencies:
    buffer "^6.0.3"

"@metaplex-foundation/umi@^0.8.10":
  version "0.8.10"
  resolved "https://registry.npmjs.org/@metaplex-foundation/umi/-/umi-0.8.10.tgz"
  integrity sha512-iGuGIfJh2+YFvUIkZ0nB/69EsQcaoq89DDPRPYvPBtOunfv8TH8SNrwcsXHlp9aBtn5FGKCPx3V3X/eurB32Fg==
  dependencies:
    "@metaplex-foundation/umi-options" "^0.8.9"
    "@metaplex-foundation/umi-public-keys" "^0.8.9"
    "@metaplex-foundation/umi-serializers" "^0.8.9"

"@noble/curves@1.1.0", "@noble/curves@~1.1.0":
  version "1.1.0"
  resolved "https://registry.npmjs.org/@noble/curves/-/curves-1.1.0.tgz"
  integrity sha512-091oBExgENk/kGj3AZmtBDMpxQPDtxQABR2B9lb1JbVTs6ytdzZNwvhxQ4MWasRNEzlbEH8jCWFCwhF/Obj5AA==
  dependencies:
    "@noble/hashes" "1.3.1"

"@noble/curves@^1.0.0", "@noble/curves@^1.2.0":
  version "1.2.0"
  resolved "https://registry.npmjs.org/@noble/curves/-/curves-1.2.0.tgz"
  integrity sha512-oYclrNgRaM9SsBUBVbb8M6DTV7ZHRTKugureoYEncY5c65HOmRzvSiTE3y5CYaPYJA/GVkrhXEoF0M3Ya9PMnw==
  dependencies:
    "@noble/hashes" "1.3.2"

"@noble/hashes@1.3.1", "@noble/hashes@~1.3.1":
  version "1.3.1"
  resolved "https://registry.npmjs.org/@noble/hashes/-/hashes-1.3.1.tgz"
  integrity sha512-EbqwksQwz9xDRGfDST86whPBgM65E0OH/pCgqW0GBVzO22bNE+NuIbeTb714+IfSjU3aRk47EUvXIb5bTsenKA==

"@noble/hashes@1.3.2", "@noble/hashes@^1.3.1", "@noble/hashes@~1.3.0":
  version "1.3.2"
  resolved "https://registry.npmjs.org/@noble/hashes/-/hashes-1.3.2.tgz"
  integrity sha512-MVC8EAQp7MvEcm30KWENFjgR+Mkmf+D189XJTkFIlwohU5hcBbn1ZkKq7KVTi2Hme3PMGF390DaL52beVrIihQ==

"@scure/base@~1.1.0":
  version "1.1.3"
  resolved "https://registry.npmjs.org/@scure/base/-/base-1.1.3.tgz"
  integrity sha512-/+SgoRjLq7Xlf0CWuLHq2LUZeL/w65kfzAPG5NH9pcmBhs+nunQTn4gvdwgMTIXnt9b2C/1SeL2XiysZEyIC9Q==

"@scure/bip32@1.3.1":
  version "1.3.1"
  resolved "https://registry.npmjs.org/@scure/bip32/-/bip32-1.3.1.tgz"
  integrity sha512-osvveYtyzdEVbt3OfwwXFr4P2iVBL5u1Q3q4ONBfDY/UpOuXmOlbgwc1xECEboY8wIays8Yt6onaWMUdUbfl0A==
  dependencies:
    "@noble/curves" "~1.1.0"
    "@noble/hashes" "~1.3.1"
    "@scure/base" "~1.1.0"

"@scure/bip39@1.2.1":
  version "1.2.1"
  resolved "https://registry.npmjs.org/@scure/bip39/-/bip39-1.2.1.tgz"
  integrity sha512-Z3/Fsz1yr904dduJD0NpiyRHhRYHdcnyh73FZWiV+/qhWi83wNJ3NWolYqCEN+ZWsUz2TWwajJggcRE9r1zUYg==
  dependencies:
    "@noble/hashes" "~1.3.0"
    "@scure/base" "~1.1.0"

"@solana/buffer-layout@^4.0.0":
  version "4.0.1"
  resolved "https://registry.npmjs.org/@solana/buffer-layout/-/buffer-layout-4.0.1.tgz"
  integrity sha512-E1ImOIAD1tBZFRdjeM4/pzTiTApC0AOBGwyAMS4fwIodCWArzJ3DWdoh8cKxeFM2fElkxBh2Aqts1BPC373rHA==
  dependencies:
    buffer "~6.0.3"

"@solana/web3.js@^1.87.6":
  version "1.87.6"
  resolved "https://registry.npmjs.org/@solana/web3.js/-/web3.js-1.87.6.tgz"
  integrity sha512-LkqsEBgTZztFiccZZXnawWa8qNCATEqE97/d0vIwjTclmVlc8pBpD1DmjfVHtZ1HS5fZorFlVhXfpwnCNDZfyg==
  dependencies:
    "@babel/runtime" "^7.23.2"
    "@noble/curves" "^1.2.0"
    "@noble/hashes" "^1.3.1"
    "@solana/buffer-layout" "^4.0.0"
    agentkeepalive "^4.3.0"
    bigint-buffer "^1.1.5"
    bn.js "^5.2.1"
    borsh "^0.7.0"
    bs58 "^4.0.1"
    buffer "6.0.3"
    fast-stable-stringify "^1.0.0"
    jayson "^4.1.0"
    node-fetch "^2.6.12"
    rpc-websockets "^7.5.1"
    superstruct "^0.14.2"

"@types/connect@^3.4.33":
  version "3.4.35"
  resolved "https://registry.npmjs.org/@types/connect/-/connect-3.4.35.tgz"
  integrity sha512-cdeYyv4KWoEgpBISTxWvqYsVy444DOqehiF3fM3ne10AmJ62RSyNkUnxMJXHQWRQQX2eR94m5y1IZyDwBjV9FQ==
  dependencies:
    "@types/node" "*"

"@types/node@*", "@types/node@^12.12.54":
  version "12.20.55"
  resolved "https://registry.npmjs.org/@types/node/-/node-12.20.55.tgz"
  integrity sha512-J8xLz7q2OFulZ2cyGTLE1TbbZcjpno7FaN6zdJNrgAdrJ+DZzh/uFR6YrTb4C+nXakvud8Q4+rbhoIWlYQbUFQ==

"@types/ws@8.5.3":
  version "8.5.3"
  resolved "https://registry.npmjs.org/@types/ws/-/ws-8.5.3.tgz"
  integrity sha512-6YOoWjruKj1uLf3INHH7D3qTXwFfEsg1kf3c0uDdSBJwfa/llkwIjrAGV7j7mVgGNbzTQ3HiHKKDXl6bJPD97w==
  dependencies:
    "@types/node" "*"

"@types/ws@^7.4.4":
  version "7.4.7"
  resolved "https://registry.npmjs.org/@types/ws/-/ws-7.4.7.tgz"
  integrity sha512-JQbbmxZTZehdc2iszGKs5oC3NFnjeay7mtAWrdt7qNtAVK0g19muApzAy4bm9byz79xa2ZnO/BOBC2R8RC5Lww==
  dependencies:
    "@types/node" "*"

JSONStream@^1.3.5:
  version "1.3.5"
  resolved "https://registry.npmjs.org/JSONStream/-/JSONStream-1.3.5.tgz"
  integrity sha512-E+iruNOY8VV9s4JEbe1aNEm6MiszPRr/UfcHMz0TQh1BXSxHK+ASV1R6W4HpjBhSeS+54PIsAMCBmwD06LLsqQ==
  dependencies:
    jsonparse "^1.2.0"
    through ">=2.2.7 <3"

abitype@0.7.1:
  version "0.7.1"
  resolved "https://registry.npmjs.org/abitype/-/abitype-0.7.1.tgz"
  integrity sha512-VBkRHTDZf9Myaek/dO3yMmOzB/y2s3Zo6nVU7yaw1G+TvCHAjwaJzNGN9yo4K5D8bU/VZXKP1EJpRhFr862PlQ==

agentkeepalive@^4.3.0:
  version "4.5.0"
  resolved "https://registry.npmjs.org/agentkeepalive/-/agentkeepalive-4.5.0.tgz"
  integrity sha512-5GG/5IbQQpC9FpkRGsSvZI5QYeSCzlJHdpBQntCsuTOxhKD8lqKhrleg2Yi7yvMIf82Ycmmqln9U8V9qwEiJew==
  dependencies:
    humanize-ms "^1.2.1"

argparse@^2.0.1:
  version "2.0.1"
  resolved "https://registry.npmjs.org/argparse/-/argparse-2.0.1.tgz"
  integrity sha512-8+9WqebbFzpX9OR+Wa6O29asIogeRMzcGtAINdpMHHyAg10f05aSFVBbcEqGf/PXw1EjAZ+q2/bEBg3DvurK3Q==

available-typed-arrays@^1.0.5:
  version "1.0.5"
  resolved "https://registry.npmjs.org/available-typed-arrays/-/available-typed-arrays-1.0.5.tgz"
  integrity sha512-DMD0KiN46eipeziST1LPP/STfDU0sufISXmjSgvVsoU2tqxctQeASejWcfNtxYKqETM1UxQ8sp2OrSBWpHY6sw==

base-x@^3.0.2:
  version "3.0.9"
  resolved "https://registry.npmjs.org/base-x/-/base-x-3.0.9.tgz"
  integrity sha512-H7JU6iBHTal1gp56aKoaa//YUxEaAOUiydvrV/pILqIHXTtqxSkATOnDA2u+jZ/61sD+L/412+7kzXRtWukhpQ==
  dependencies:
    safe-buffer "^5.0.1"

base64-js@^1.3.1:
  version "1.5.1"
  resolved "https://registry.npmjs.org/base64-js/-/base64-js-1.5.1.tgz"
  integrity sha512-AKpaYlHn8t4SVbOHCy+b5+KKgvR4vrsD8vbvrbiQJps7fKDTkjkDry6ji0rUJjC0kzbNePLwzxq8iypo41qeWA==

bigint-buffer@^1.1.5:
  version "1.1.5"
  resolved "https://registry.npmjs.org/bigint-buffer/-/bigint-buffer-1.1.5.tgz"
  integrity sha512-trfYco6AoZ+rKhKnxA0hgX0HAbVP/s808/EuDSe2JDzUnCp/xAsli35Orvk67UrTEcwuxZqYZDmfA2RXJgxVvA==
  dependencies:
    bindings "^1.3.0"

bignumber.js@^9.0.1:
  version "9.1.2"
  resolved "https://registry.npmjs.org/bignumber.js/-/bignumber.js-9.1.2.tgz"
  integrity sha512-2/mKyZH9K85bzOEfhXDBFZTGd1CTs+5IHpeFQo9luiBG7hghdC851Pj2WAhb6E3R6b9tZj/XKhbg4fum+Kepug==

bindings@^1.3.0:
  version "1.5.0"
  resolved "https://registry.npmjs.org/bindings/-/bindings-1.5.0.tgz"
  integrity sha512-p2q/t/mhvuOj/UeLlV6566GD/guowlr0hHxClI0W9m7MWYkL1F0hLo+0Aexs9HSPCtR1SXQ0TD3MMKrXZajbiQ==
  dependencies:
    file-uri-to-path "1.0.0"

bn.js@4.11.6:
  version "4.11.6"
  resolved "https://registry.npmjs.org/bn.js/-/bn.js-4.11.6.tgz"
  integrity sha512-XWwnNNFCuuSQ0m3r3C4LE3EiORltHd9M05pq6FOlVeiophzRbMo50Sbz1ehl8K3Z+jw9+vmgnXefY1hz8X+2wA==

bn.js@^5.2.0, bn.js@^5.2.1:
  version "5.2.1"
  resolved "https://registry.npmjs.org/bn.js/-/bn.js-5.2.1.tgz"
  integrity sha512-eXRvHzWyYPBuB4NBy0cmYQjGitUrtqwbvlzP3G6VFnNRbsZQIxQ10PbKKHt8gZ/HW/D/747aDl+QkDqg3KQLMQ==

borsh@^0.7.0:
  version "0.7.0"
  resolved "https://registry.npmjs.org/borsh/-/borsh-0.7.0.tgz"
  integrity sha512-CLCsZGIBCFnPtkNnieW/a8wmreDmfUtjU2m9yHrzPXIlNbqVs0AQrSatSG6vdNYUqdc83tkQi2eHfF98ubzQLA==
  dependencies:
    bn.js "^5.2.0"
    bs58 "^4.0.0"
    text-encoding-utf-8 "^1.0.2"

bs58@^4.0.0, bs58@^4.0.1:
  version "4.0.1"
  resolved "https://registry.npmjs.org/bs58/-/bs58-4.0.1.tgz"
  integrity sha512-Ok3Wdf5vOIlBrgCvTq96gBkJw+JUEzdBgyaza5HLtPm7yTHkjRy8+JzNyHF7BHa0bNWOQIp3m5YF0nnFcOIKLw==
  dependencies:
    base-x "^3.0.2"

buffer-reverse@^1.0.1:
  version "1.0.1"
  resolved "https://registry.npmjs.org/buffer-reverse/-/buffer-reverse-1.0.1.tgz"
  integrity sha512-M87YIUBsZ6N924W57vDwT/aOu8hw7ZgdByz6ijksLjmHJELBASmYTTlNHRgjE+pTsT9oJXGaDSgqqwfdHotDUg==

buffer@6.0.3, buffer@^6.0.3, buffer@~6.0.3:
  version "6.0.3"
  resolved "https://registry.npmjs.org/buffer/-/buffer-6.0.3.tgz"
  integrity sha512-FTiCpNxtwiZZHEZbcbTIcZjERVICn9yq/pDFkTl95/AxzD1naBctN7YO68riM/gLSDY7sdrMby8hofADYuuqOA==
  dependencies:
    base64-js "^1.3.1"
    ieee754 "^1.2.1"

bufferutil@^4.0.1:
  version "4.0.7"
  resolved "https://registry.npmjs.org/bufferutil/-/bufferutil-4.0.7.tgz"
  integrity sha512-kukuqc39WOHtdxtw4UScxF/WVnMFVSQVKhtx3AjZJzhd0RGZZldcrfSEbVsWWe6KNH253574cq5F+wpv0G9pJw==
  dependencies:
    node-gyp-build "^4.3.0"

call-bind@^1.0.2, call-bind@^1.0.4:
  version "1.0.5"
  resolved "https://registry.npmjs.org/call-bind/-/call-bind-1.0.5.tgz"
  integrity sha512-C3nQxfFZxFRVoJoGKKI8y3MOEo129NQ+FgQ08iye+Mk4zNZZGdjfs06bVTr+DBSlA66Q2VEcMki/cUCP4SercQ==
  dependencies:
    function-bind "^1.1.2"
    get-intrinsic "^1.2.1"
    set-function-length "^1.1.1"

colors@^1.4.0:
  version "1.4.0"
  resolved "https://registry.yarnpkg.com/colors/-/colors-1.4.0.tgz#c50491479d4c1bdaed2c9ced32cf7c7dc2360f78"
  integrity sha512-a+UqTh4kgZg/SlGvfbzDHpgRu7AAQOmmqRHJnxhRZICKFUT91brVhNNt58CMWU9PsBbv3PDCZUHbVxuDiH2mtA==

commander@^11.1.0:
  version "11.1.0"
  resolved "https://registry.yarnpkg.com/commander/-/commander-11.1.0.tgz#62fdce76006a68e5c1ab3314dc92e800eb83d906"
  integrity sha512-yPVavfyCcRhmorC7rWlkHn15b4wDVgVmBA7kV4QVBsF7kv/9TKJAbAXVTxvTnwP8HHKjRCJDClKbciiYS7p0DQ==

commander@^2.20.3:
  version "2.20.3"
  resolved "https://registry.npmjs.org/commander/-/commander-2.20.3.tgz"
  integrity sha512-GpVkmM8vF2vQUkj2LvZmD35JxeJOLCwJ9cUkugyk2nuhbv3+mJvpLYYt+0+USMxE+oj+ey/lJEnhZw75x/OMcQ==

crc-32@^1.2.2:
  version "1.2.2"
  resolved "https://registry.npmjs.org/crc-32/-/crc-32-1.2.2.tgz"
  integrity sha512-ROmzCKrTnOwybPcJApAA6WBWij23HVfGVNKqqrZpuyZOHqK2CwHSvpGuyt/UNNvaIjEd8X5IFGp4Mh+Ie1IHJQ==

cross-fetch@^4.0.0:
  version "4.0.0"
  resolved "https://registry.npmjs.org/cross-fetch/-/cross-fetch-4.0.0.tgz"
  integrity sha512-e4a5N8lVvuLgAWgnCrLr2PP0YyDOTHa9H/Rj54dirp61qXnNq46m82bRhNqIA5VccJtWBvPTFRV3TtvHUKPB1g==
  dependencies:
    node-fetch "^2.6.12"

crypto-js@^4.2.0:
  version "4.2.0"
  resolved "https://registry.npmjs.org/crypto-js/-/crypto-js-4.2.0.tgz"
  integrity sha512-KALDyEYgpY+Rlob/iriUtjV6d5Eq+Y191A5g4UqLAi8CyGP9N1+FdVbkc1SxKc2r4YAYqG8JzO2KGL+AizD70Q==

define-data-property@^1.1.1:
  version "1.1.1"
  resolved "https://registry.npmjs.org/define-data-property/-/define-data-property-1.1.1.tgz"
  integrity sha512-E7uGkTzkk1d0ByLeSc6ZsFS79Axg+m1P/VsgYsxHgiuc3tFSj+MjMIwe90FC4lOAZzNBdY7kkO2P2wKdsQ1vgQ==
  dependencies:
    get-intrinsic "^1.2.1"
    gopd "^1.0.1"
    has-property-descriptors "^1.0.0"

delay@^5.0.0:
  version "5.0.0"
  resolved "https://registry.npmjs.org/delay/-/delay-5.0.0.tgz"
  integrity sha512-ReEBKkIfe4ya47wlPYf/gu5ib6yUG0/Aez0JQZQz94kiWtRQvZIQbTiehsnwHvLSWJnQdhVeqYue7Id1dKr0qw==

dotenv@^16.0.1:
  version "16.0.1"
  resolved "https://registry.npmjs.org/dotenv/-/dotenv-16.0.1.tgz"
  integrity sha512-1K6hR6wtk2FviQ4kEiSjFiH5rpzEVi8WW0x96aztHVMhEspNpc4DVOUTEHtEva5VThQ8IaBX1Pe4gSzpVVUsKQ==

dreamopt@~0.8.0:
  version "0.8.0"
  resolved "https://registry.yarnpkg.com/dreamopt/-/dreamopt-0.8.0.tgz#5bcc80be7097e45fc489c342405ab68140a8c1d9"
  integrity sha512-vyJTp8+mC+G+5dfgsY+r3ckxlz+QMX40VjPQsZc5gxVAxLmi64TBoVkP54A/pRAXMXsbu2GMMBrZPxNv23waMg==
  dependencies:
    wordwrap ">=0.0.2"

es6-promise@^4.0.3:
  version "4.2.8"
  resolved "https://registry.npmjs.org/es6-promise/-/es6-promise-4.2.8.tgz"
  integrity sha512-HJDGx5daxeIvxdBxvG2cb9g4tEvwIk3i8+nhX0yGrYmZUzbkdg8QbDevheDB8gd0//uPj4c1EQua8Q+MViT0/w==

es6-promisify@^5.0.0:
  version "5.0.0"
  resolved "https://registry.npmjs.org/es6-promisify/-/es6-promisify-5.0.0.tgz"
  integrity sha512-C+d6UdsYDk0lMebHNR4S2NybQMMngAOnOwYBQjTOiv0MkoJMP0Myw2mgpDLBcpfCmRLxyFqYhS/CfOENq4SJhQ==
  dependencies:
    es6-promise "^4.0.3"

ethereum-bloom-filters@^1.0.6:
  version "1.0.10"
  resolved "https://registry.npmjs.org/ethereum-bloom-filters/-/ethereum-bloom-filters-1.0.10.tgz"
  integrity sha512-rxJ5OFN3RwjQxDcFP2Z5+Q9ho4eIdEmSc2ht0fCu8Se9nbXjZ7/031uXoUYJ87KHCOdVeiUuwSnoS7hmYAGVHA==
  dependencies:
    js-sha3 "^0.8.0"

ethereum-cryptography@^2.0.0, ethereum-cryptography@^2.1.2:
  version "2.1.2"
  resolved "https://registry.npmjs.org/ethereum-cryptography/-/ethereum-cryptography-2.1.2.tgz"
  integrity sha512-Z5Ba0T0ImZ8fqXrJbpHcbpAvIswRte2wGNR/KePnu8GbbvgJ47lMxT/ZZPG6i9Jaht4azPDop4HaM00J0J59ug==
  dependencies:
    "@noble/curves" "1.1.0"
    "@noble/hashes" "1.3.1"
    "@scure/bip32" "1.3.1"
    "@scure/bip39" "1.2.1"

ethjs-unit@0.1.6:
  version "0.1.6"
  resolved "https://registry.npmjs.org/ethjs-unit/-/ethjs-unit-0.1.6.tgz"
  integrity sha512-/Sn9Y0oKl0uqQuvgFk/zQgR7aw1g36qX/jzSQ5lSwlO0GigPymk4eGQfeNTD03w1dPOqfz8V77Cy43jH56pagw==
  dependencies:
    bn.js "4.11.6"
    number-to-bn "1.7.0"

eventemitter3@^4.0.7:
  version "4.0.7"
  resolved "https://registry.npmjs.org/eventemitter3/-/eventemitter3-4.0.7.tgz"
  integrity sha512-8guHBZCwKnFhYdHr2ysuRWErTwhoN2X8XELRlrRwpmfeY2jjuUN4taQMsULKUVo1K4DvZl+0pgfyoysHxvmvEw==

eyes@^0.1.8:
  version "0.1.8"
  resolved "https://registry.npmjs.org/eyes/-/eyes-0.1.8.tgz"
  integrity sha512-GipyPsXO1anza0AOZdy69Im7hGFCNB7Y/NGjDlZGJ3GJJLtwNSb2vrzYrTYJRrRloVx7pl+bhUaTB8yiccPvFQ==

fast-stable-stringify@^1.0.0:
  version "1.0.0"
  resolved "https://registry.npmjs.org/fast-stable-stringify/-/fast-stable-stringify-1.0.0.tgz"
  integrity sha512-wpYMUmFu5f00Sm0cj2pfivpmawLZ0NKdviQ4w9zJeR8JVtOpOxHmLaJuj0vxvGqMJQWyP/COUkF75/57OKyRag==

file-uri-to-path@1.0.0:
  version "1.0.0"
  resolved "https://registry.npmjs.org/file-uri-to-path/-/file-uri-to-path-1.0.0.tgz"
  integrity sha512-0Zt+s3L7Vf1biwWZ29aARiVYLx7iMGnEUl9x33fbB/j3jR81u/O2LbqK+Bm1CDSNDKVtJ/YjwY7TUd5SkeLQLw==

for-each@^0.3.3:
  version "0.3.3"
  resolved "https://registry.npmjs.org/for-each/-/for-each-0.3.3.tgz"
  integrity sha512-jqYfLp7mo9vIyQf8ykW2v7A+2N4QjeCeI5+Dz9XraiO1ign81wjiH7Fb9vSOWvQfNtmSa4H2RoQTrrXivdUZmw==
  dependencies:
    is-callable "^1.1.3"

function-bind@^1.1.2:
  version "1.1.2"
  resolved "https://registry.npmjs.org/function-bind/-/function-bind-1.1.2.tgz"
  integrity sha512-7XHNxH7qX9xG5mIwxkhumTox/MIRNcOgDrxWsMt2pAr23WHp6MrRlN7FBSFpCpr+oVO0F744iUgR82nJMfG2SA==

get-intrinsic@^1.1.3, get-intrinsic@^1.2.1, get-intrinsic@^1.2.2:
  version "1.2.2"
  resolved "https://registry.npmjs.org/get-intrinsic/-/get-intrinsic-1.2.2.tgz"
  integrity sha512-0gSo4ml/0j98Y3lngkFEot/zhiCeWsbYIlZ+uZOVgzLyLaUw7wxUL+nCTP0XJvJg1AXulJRI3UJi8GsbDuxdGA==
  dependencies:
    function-bind "^1.1.2"
    has-proto "^1.0.1"
    has-symbols "^1.0.3"
    hasown "^2.0.0"

gopd@^1.0.1:
  version "1.0.1"
  resolved "https://registry.npmjs.org/gopd/-/gopd-1.0.1.tgz"
  integrity sha512-d65bNlIadxvpb/A2abVdlqKqV563juRnZ1Wtk6s1sIR8uNsXR70xqIzVqxVf1eTqDunwT2MkczEeaezCKTZhwA==
  dependencies:
    get-intrinsic "^1.1.3"

has-property-descriptors@^1.0.0, has-property-descriptors@^1.0.1:
  version "1.0.1"
  resolved "https://registry.npmjs.org/has-property-descriptors/-/has-property-descriptors-1.0.1.tgz"
  integrity sha512-VsX8eaIewvas0xnvinAe9bw4WfIeODpGYikiWYLH+dma0Jw6KHYqWiWfhQlgOVK8D6PvjubK5Uc4P0iIhIcNVg==
  dependencies:
    get-intrinsic "^1.2.2"

has-proto@^1.0.1:
  version "1.0.1"
  resolved "https://registry.npmjs.org/has-proto/-/has-proto-1.0.1.tgz"
  integrity sha512-7qE+iP+O+bgF9clE5+UoBFzE65mlBiVj3tKCrlNQ0Ogwm0BjpT/gK4SlLYDMybDh5I3TCTKnPPa0oMG7JDYrhg==

has-symbols@^1.0.2, has-symbols@^1.0.3:
  version "1.0.3"
  resolved "https://registry.npmjs.org/has-symbols/-/has-symbols-1.0.3.tgz"
  integrity sha512-l3LCuF6MgDNwTDKkdYGEihYjt5pRPbEg46rtlmnSPlUbgmB8LOIrKJbYYFBSbnPaJexMKtiPO8hmeRjRz2Td+A==

has-tostringtag@^1.0.0:
  version "1.0.0"
  resolved "https://registry.npmjs.org/has-tostringtag/-/has-tostringtag-1.0.0.tgz"
  integrity sha512-kFjcSNhnlGV1kyoGk7OXKSawH5JOb/LzUc5w9B02hOTO0dfFRjbHQKvg1d6cf3HbeUmtU9VbbV3qzZ2Teh97WQ==
  dependencies:
    has-symbols "^1.0.2"

hasown@^2.0.0:
  version "2.0.0"
  resolved "https://registry.npmjs.org/hasown/-/hasown-2.0.0.tgz"
  integrity sha512-vUptKVTpIJhcczKBbgnS+RtcuYMB8+oNzPK2/Hp3hanz8JmpATdmmgLgSaadVREkDm+e2giHwY3ZRkyjSIDDFA==
  dependencies:
    function-bind "^1.1.2"

"heap@>= 0.2.0":
  version "0.2.7"
  resolved "https://registry.yarnpkg.com/heap/-/heap-0.2.7.tgz#1e6adf711d3f27ce35a81fe3b7bd576c2260a8fc"
  integrity sha512-2bsegYkkHO+h/9MGbn6KWcE45cHZgPANo5LXF7EvWdT0yT2EguSVO1nDgU5c8+ZOPwp2vMNa7YFsJhVcDR9Sdg==

humanize-ms@^1.2.1:
  version "1.2.1"
  resolved "https://registry.npmjs.org/humanize-ms/-/humanize-ms-1.2.1.tgz"
  integrity sha512-Fl70vYtsAFb/C06PTS9dZBo7ihau+Tu/DNCk/OyHhea07S+aeMWpFFkUaXRa8fI+ScZbEI8dfSxwY7gxZ9SAVQ==
  dependencies:
    ms "^2.0.0"

ieee754@^1.2.1:
  version "1.2.1"
  resolved "https://registry.npmjs.org/ieee754/-/ieee754-1.2.1.tgz"
  integrity sha512-dcyqhDvX1C46lXZcVqCpK+FtMRQVdIMN6/Df5js2zouUsqG7I6sFxitIC+7KYK29KdXOLHdu9zL4sFnoVQnqaA==

inherits@^2.0.3:
  version "2.0.4"
  resolved "https://registry.npmjs.org/inherits/-/inherits-2.0.4.tgz"
  integrity sha512-k/vGaX4/Yla3WzyMCvTQOXYeIHvqOKtnqBduzTHpzpQZzAskKMhZ2K+EnBiSM9zGSoIFeMpXKxa4dYeZIQqewQ==

is-arguments@^1.0.4:
  version "1.1.1"
  resolved "https://registry.npmjs.org/is-arguments/-/is-arguments-1.1.1.tgz"
  integrity sha512-8Q7EARjzEnKpt/PCD7e1cgUS0a6X8u5tdSiMqXhojOdoV9TsMsiO+9VLC5vAmO8N7/GmXn7yjR8qnA6bVAEzfA==
  dependencies:
    call-bind "^1.0.2"
    has-tostringtag "^1.0.0"

is-callable@^1.1.3:
  version "1.2.7"
  resolved "https://registry.npmjs.org/is-callable/-/is-callable-1.2.7.tgz"
  integrity sha512-1BC0BVFhS/p0qtw6enp8e+8OD0UrK0oFLztSjNzhcKA3WDuJxxAPXzPuPtKkjEY9UUoEWlX/8fgKeu2S8i9JTA==

is-generator-function@^1.0.7:
  version "1.0.10"
  resolved "https://registry.npmjs.org/is-generator-function/-/is-generator-function-1.0.10.tgz"
  integrity sha512-jsEjy9l3yiXEQ+PsXdmBwEPcOxaXWLspKdplFUVI9vq1iZgIekeC0L167qeu86czQaxed3q/Uzuw0swL0irL8A==
  dependencies:
    has-tostringtag "^1.0.0"

is-hex-prefixed@1.0.0:
  version "1.0.0"
  resolved "https://registry.npmjs.org/is-hex-prefixed/-/is-hex-prefixed-1.0.0.tgz"
  integrity sha512-WvtOiug1VFrE9v1Cydwm+FnXd3+w9GaeVUss5W4v/SLy3UW00vP+6iNF2SdnfiBoLy4bTqVdkftNGTUeOFVsbA==

is-typed-array@^1.1.3:
  version "1.1.12"
  resolved "https://registry.npmjs.org/is-typed-array/-/is-typed-array-1.1.12.tgz"
  integrity sha512-Z14TF2JNG8Lss5/HMqt0//T9JeHXttXy5pH/DBU4vi98ozO2btxzq9MwYDZYnKwU8nRsz/+GVFVRDq3DkVuSPg==
  dependencies:
    which-typed-array "^1.1.11"

isomorphic-ws@^4.0.1:
  version "4.0.1"
  resolved "https://registry.npmjs.org/isomorphic-ws/-/isomorphic-ws-4.0.1.tgz"
  integrity sha512-BhBvN2MBpWTaSHdWRb/bwdZJ1WaehQ2L1KngkCkfLUGF0mAWAT1sQUQacEmQ0jXkFw/czDXPNQSL5u2/Krsz1w==

isomorphic-ws@^5.0.0:
  version "5.0.0"
  resolved "https://registry.npmjs.org/isomorphic-ws/-/isomorphic-ws-5.0.0.tgz"
  integrity sha512-muId7Zzn9ywDsyXgTIafTry2sV3nySZeUDe6YedVd1Hvuuep5AsIlqK+XefWpYTyJG5e503F2xIuT2lcU6rCSw==

jayson@^4.1.0:
  version "4.1.0"
  resolved "https://registry.npmjs.org/jayson/-/jayson-4.1.0.tgz"
  integrity sha512-R6JlbyLN53Mjku329XoRT2zJAE6ZgOQ8f91ucYdMCD4nkGCF9kZSrcGXpHIU4jeKj58zUZke2p+cdQchU7Ly7A==
  dependencies:
    "@types/connect" "^3.4.33"
    "@types/node" "^12.12.54"
    "@types/ws" "^7.4.4"
    JSONStream "^1.3.5"
    commander "^2.20.3"
    delay "^5.0.0"
    es6-promisify "^5.0.0"
    eyes "^0.1.8"
    isomorphic-ws "^4.0.1"
    json-stringify-safe "^5.0.1"
    uuid "^8.3.2"
    ws "^7.4.5"

js-sha3@^0.8.0:
  version "0.8.0"
  resolved "https://registry.npmjs.org/js-sha3/-/js-sha3-0.8.0.tgz"
  integrity sha512-gF1cRrHhIzNfToc802P800N8PpXS+evLLXfsVpowqmAFR9uwbi89WvXg2QspOmXL8QL86J4T1EpFu+yUkwJY3Q==

js-yaml@^4.1.0:
  version "4.1.0"
  resolved "https://registry.npmjs.org/js-yaml/-/js-yaml-4.1.0.tgz"
  integrity sha512-wpxZs9NoxZaJESJGIZTyDEaYpl0FKSA+FB9aJiyemKhMwkxQg63h4T1KJgUGHpTqPDNRcmmYLugrRjJlBtWvRA==
  dependencies:
    argparse "^2.0.1"

json-diff@^1.0.6:
  version "1.0.6"
  resolved "https://registry.yarnpkg.com/json-diff/-/json-diff-1.0.6.tgz#63690f695469b6437efaed5bb3d51f011f7cac28"
  integrity sha512-tcFIPRdlc35YkYdGxcamJjllUhXWv4n2rK9oJ2RsAzV4FBkuV4ojKEDgcZ+kpKxDmJKv+PFK65+1tVVOnSeEqA==
  dependencies:
    "@ewoudenberg/difflib" "0.1.0"
    colors "^1.4.0"
    dreamopt "~0.8.0"

json-stringify-safe@^5.0.1:
  version "5.0.1"
  resolved "https://registry.npmjs.org/json-stringify-safe/-/json-stringify-safe-5.0.1.tgz"
  integrity sha512-ZClg6AaYvamvYEE82d3Iyd3vSSIjQ+odgjaTzRuO3s7toCdFKczob2i0zCh7JE8kWn17yvAWhUVxvqGwUalsRA==

jsonparse@^1.2.0:
  version "1.3.1"
  resolved "https://registry.npmjs.org/jsonparse/-/jsonparse-1.3.1.tgz"
  integrity sha512-POQXvpdL69+CluYsillJ7SUhKvytYjW9vG/GKpnf+xP8UWgYEM/RaMzHHofbALDiKbbP1W8UEYmgGl39WkPZsg==

merkletreejs@^0.3.9:
  version "0.3.11"
  resolved "https://registry.npmjs.org/merkletreejs/-/merkletreejs-0.3.11.tgz"
  integrity sha512-LJKTl4iVNTndhL+3Uz/tfkjD0klIWsHlUzgtuNnNrsf7bAlXR30m+xYB7lHr5Z/l6e/yAIsr26Dabx6Buo4VGQ==
  dependencies:
    bignumber.js "^9.0.1"
    buffer-reverse "^1.0.1"
    crypto-js "^4.2.0"
    treeify "^1.1.0"
    web3-utils "^1.3.4"

micro-ftch@^0.3.1:
  version "0.3.1"
  resolved "https://registry.npmjs.org/micro-ftch/-/micro-ftch-0.3.1.tgz"
  integrity sha512-/0LLxhzP0tfiR5hcQebtudP56gUurs2CLkGarnCiB/OqEyUFQ6U3paQi/tgLv0hBJYt2rnr9MNpxz4fiiugstg==

ms@^2.0.0:
  version "2.1.3"
  resolved "https://registry.npmjs.org/ms/-/ms-2.1.3.tgz"
  integrity sha512-6FlzubTLZG3J2a/NVCAleEhjzq5oxgHyaCU9yYXvcLsvoVaHJq/s5xXI6/XXP6tz7R9xAOtHnSO/tXtF3WRTlA==

node-fetch@^2.6.12, node-fetch@^2.6.7:
  version "2.7.0"
  resolved "https://registry.npmjs.org/node-fetch/-/node-fetch-2.7.0.tgz"
  integrity sha512-c4FRfUm/dbcWZ7U+1Wq0AwCyFL+3nt2bEw05wfxSz+DWpWsitgmSgYmy2dQdWyKC1694ELPqMs/YzUSNozLt8A==
  dependencies:
    whatwg-url "^5.0.0"

node-gyp-build@^4.3.0:
  version "4.6.0"
  resolved "https://registry.npmjs.org/node-gyp-build/-/node-gyp-build-4.6.0.tgz"
  integrity sha512-NTZVKn9IylLwUzaKjkas1e4u2DLNcV4rdYagA4PWdPwW87Bi7z+BznyKSRwS/761tV/lzCGXplWsiaMjLqP2zQ==

number-to-bn@1.7.0:
  version "1.7.0"
  resolved "https://registry.npmjs.org/number-to-bn/-/number-to-bn-1.7.0.tgz"
  integrity sha512-wsJ9gfSz1/s4ZsJN01lyonwuxA1tml6X1yBDnfpMglypcBRFZZkus26EdPSlqS5GJfYddVZa22p3VNb3z5m5Ig==
  dependencies:
    bn.js "4.11.6"
    strip-hex-prefix "1.0.0"

randombytes@^2.1.0:
  version "2.1.0"
  resolved "https://registry.npmjs.org/randombytes/-/randombytes-2.1.0.tgz"
  integrity sha512-vYl3iOX+4CKUWuxGi9Ukhie6fsqXqS9FE2Zaic4tNFD2N2QQaXOMFbuKK4QmDHC0JO6B1Zp41J0LpT0oR68amQ==
  dependencies:
    safe-buffer "^5.1.0"

regenerator-runtime@^0.14.0:
  version "0.14.0"
  resolved "https://registry.npmjs.org/regenerator-runtime/-/regenerator-runtime-0.14.0.tgz"
  integrity sha512-srw17NI0TUWHuGa5CFGGmhfNIeja30WMBfbslPNhf6JrqQlLN5gcrvig1oqPxiVaXb0oW0XRKtH6Nngs5lKCIA==

rpc-websockets@^7.5.1:
  version "7.8.0"
  resolved "https://registry.npmjs.org/rpc-websockets/-/rpc-websockets-7.8.0.tgz"
  integrity sha512-AStkq6KDvSAmA4WiwlK1pDvj/33BWmExTATUokC0v+NhWekXSTNzXS5OGXeYwq501/pj6lBZMofg/h4dx4/tCg==
  dependencies:
    "@babel/runtime" "^7.17.2"
    eventemitter3 "^4.0.7"
    uuid "^8.3.2"
    ws "^8.5.0"
  optionalDependencies:
    bufferutil "^4.0.1"
    utf-8-validate "^5.0.2"

safe-buffer@^5.0.1, safe-buffer@^5.1.0:
  version "5.2.1"
  resolved "https://registry.npmjs.org/safe-buffer/-/safe-buffer-5.2.1.tgz"
  integrity sha512-rp3So07KcdmmKbGvgaNxQSJr7bGVSVk5S9Eq1F+ppbRo70+YeaDxkw5Dd8NPN+GD6bjnYm2VuPuCXmpuYvmCXQ==

set-function-length@^1.1.1:
  version "1.2.0"
  resolved "https://registry.npmjs.org/set-function-length/-/set-function-length-1.2.0.tgz"
  integrity sha512-4DBHDoyHlM1IRPGYcoxexgh67y4ueR53FKV1yyxwFMY7aCqcN/38M1+SwZ/qJQ8iLv7+ck385ot4CcisOAPT9w==
  dependencies:
    define-data-property "^1.1.1"
    function-bind "^1.1.2"
    get-intrinsic "^1.2.2"
    gopd "^1.0.1"
    has-property-descriptors "^1.0.1"

setimmediate@^1.0.5:
  version "1.0.5"
  resolved "https://registry.npmjs.org/setimmediate/-/setimmediate-1.0.5.tgz"
  integrity sha512-MATJdZp8sLqDl/68LfQmbP8zKPLQNV6BIZoIgrscFDQ+RsvK/BxeDQOgyxKKoh0y/8h3BqVFnCqQ/gd+reiIXA==

strip-hex-prefix@1.0.0:
  version "1.0.0"
  resolved "https://registry.npmjs.org/strip-hex-prefix/-/strip-hex-prefix-1.0.0.tgz"
  integrity sha512-q8d4ue7JGEiVcypji1bALTos+0pWtyGlivAWyPuTkHzuTCJqrK9sWxYQZUq6Nq3cuyv3bm734IhHvHtGGURU6A==
  dependencies:
    is-hex-prefixed "1.0.0"

superstruct@^0.14.2:
  version "0.14.2"
  resolved "https://registry.npmjs.org/superstruct/-/superstruct-0.14.2.tgz"
  integrity sha512-nPewA6m9mR3d6k7WkZ8N8zpTWfenFH3q9pA2PkuiZxINr9DKB2+40wEQf0ixn8VaGuJ78AB6iWOtStI+/4FKZQ==

text-encoding-utf-8@^1.0.2:
  version "1.0.2"
  resolved "https://registry.npmjs.org/text-encoding-utf-8/-/text-encoding-utf-8-1.0.2.tgz"
  integrity sha512-8bw4MY9WjdsD2aMtO0OzOCY3pXGYNx2d2FfHRVUKkiCPDWjKuOlhLVASS+pD7VkLTVjW268LYJHwsnPFlBpbAg==

"through@>=2.2.7 <3":
  version "2.3.8"
  resolved "https://registry.npmjs.org/through/-/through-2.3.8.tgz"
  integrity sha512-w89qg7PI8wAdvX60bMDP+bFoD5Dvhm9oLheFp5O4a2QF0cSBGsBX4qZmadPMvVqlLJBBci+WqGGOAPvcDeNSVg==

tr46@~0.0.3:
  version "0.0.3"
  resolved "https://registry.npmjs.org/tr46/-/tr46-0.0.3.tgz"
  integrity sha512-N3WMsuqV66lT30CrXNbEjx4GEwlow3v6rr4mCcv6prnfwhS01rkgyFdjPNBYd9br7LpXV1+Emh01fHnq2Gdgrw==

treeify@^1.1.0:
  version "1.1.0"
  resolved "https://registry.npmjs.org/treeify/-/treeify-1.1.0.tgz"
  integrity sha512-1m4RA7xVAJrSGrrXGs0L3YTwyvBs2S8PbRHaLZAkFw7JR8oIFwYtysxlBZhYIa7xSyiYJKZ3iGrrk55cGA3i9A==

utf-8-validate@^5.0.2:
  version "5.0.10"
  resolved "https://registry.npmjs.org/utf-8-validate/-/utf-8-validate-5.0.10.tgz"
  integrity sha512-Z6czzLq4u8fPOyx7TU6X3dvUZVvoJmxSQ+IcrlmagKhilxlhZgxPK6C5Jqbkw1IDUmFTM+cz9QDnnLTwDz/2gQ==
  dependencies:
    node-gyp-build "^4.3.0"

utf8@3.0.0:
  version "3.0.0"
  resolved "https://registry.npmjs.org/utf8/-/utf8-3.0.0.tgz"
  integrity sha512-E8VjFIQ/TyQgp+TZfS6l8yp/xWppSAHzidGiRrqe4bK4XP9pTRyKFgGJpO3SN7zdX4DeomTrwaseCHovfpFcqQ==

util@^0.12.5:
  version "0.12.5"
  resolved "https://registry.npmjs.org/util/-/util-0.12.5.tgz"
  integrity sha512-kZf/K6hEIrWHI6XqOFUiiMa+79wE/D8Q+NCNAWclkyg3b4d2k7s0QGepNjiABc+aR3N1PAyHL7p6UcLY6LmrnA==
  dependencies:
    inherits "^2.0.3"
    is-arguments "^1.0.4"
    is-generator-function "^1.0.7"
    is-typed-array "^1.1.3"
    which-typed-array "^1.1.2"

uuid@^8.3.2:
  version "8.3.2"
  resolved "https://registry.npmjs.org/uuid/-/uuid-8.3.2.tgz"
  integrity sha512-+NYs2QeMWy+GWFOEm9xnn6HCDp0l7QBD7ml8zLUmJ+93Q5NF0NocErnwkTkXVFNiX3/fpC6afS8Dhb/gz7R7eg==

web3-core@^4.3.0, web3-core@^4.3.2:
  version "4.3.2"
  resolved "https://registry.npmjs.org/web3-core/-/web3-core-4.3.2.tgz"
  integrity sha512-uIMVd/j4BgOnwfpY8ZT+QKubOyM4xohEhFZXz9xB8wimXWMMlYVlIK/TbfHqFolS9uOerdSGhsMbcK9lETae8g==
  dependencies:
    web3-errors "^1.1.4"
    web3-eth-accounts "^4.1.0"
    web3-eth-iban "^4.0.7"
    web3-providers-http "^4.1.0"
    web3-providers-ws "^4.0.7"
    web3-types "^1.3.1"
    web3-utils "^4.1.0"
    web3-validator "^2.0.3"
  optionalDependencies:
    web3-providers-ipc "^4.0.7"

web3-errors@^1.1.3, web3-errors@^1.1.4:
  version "1.1.4"
  resolved "https://registry.npmjs.org/web3-errors/-/web3-errors-1.1.4.tgz"
  integrity sha512-WahtszSqILez+83AxGecVroyZsMuuRT+KmQp4Si5P4Rnqbczno1k748PCrZTS1J4UCPmXMG2/Vt+0Bz2zwXkwQ==
  dependencies:
    web3-types "^1.3.1"

web3-eth-abi@^4.1.4:
  version "4.1.4"
  resolved "https://registry.npmjs.org/web3-eth-abi/-/web3-eth-abi-4.1.4.tgz"
  integrity sha512-YLOBVVxxxLYKXjaiwZjEWYEnkMmmrm0nswZsvzSsINy/UgbWbzfoiZU+zn4YNWIEhORhx1p37iS3u/dP6VyC2w==
  dependencies:
    abitype "0.7.1"
    web3-errors "^1.1.3"
    web3-types "^1.3.0"
    web3-utils "^4.0.7"
    web3-validator "^2.0.3"

web3-eth-accounts@^4.1.0:
  version "4.1.0"
  resolved "https://registry.npmjs.org/web3-eth-accounts/-/web3-eth-accounts-4.1.0.tgz"
  integrity sha512-UFtAsOANsvihTQ6SSvOKguupmQkResyR9M9JNuOxYpKh7+3W+sTnbLXw2UbOSYIsKlc1mpqqW9bVr1SjqHDpUQ==
  dependencies:
    "@ethereumjs/rlp" "^4.0.1"
    crc-32 "^1.2.2"
    ethereum-cryptography "^2.0.0"
    web3-errors "^1.1.3"
    web3-types "^1.3.0"
    web3-utils "^4.0.7"
    web3-validator "^2.0.3"

web3-eth-contract@^4.1.2, web3-eth-contract@^4.1.4:
  version "4.1.4"
  resolved "https://registry.npmjs.org/web3-eth-contract/-/web3-eth-contract-4.1.4.tgz"
  integrity sha512-tJ4z6QLgtu8EQu2sXnLA7g427oxmngnbAUh+9kJKbP6Yep/oe+z79PqJv7H3MwqwUNW9T+/FeB2PnSQSyxz6ig==
  dependencies:
    web3-core "^4.3.2"
    web3-errors "^1.1.4"
    web3-eth "^4.3.1"
    web3-eth-abi "^4.1.4"
    web3-types "^1.3.1"
    web3-utils "^4.1.0"
    web3-validator "^2.0.3"

web3-eth-ens@^4.0.8:
  version "4.0.8"
  resolved "https://registry.npmjs.org/web3-eth-ens/-/web3-eth-ens-4.0.8.tgz"
  integrity sha512-nj0JfeD45BbzVJcVYpUJnSo8iwDcY9CQ7CZhhIVVOFjvpMAPw0zEwjTvZEIQyCW61OoDG9xcBzwxe2tZoYhMRw==
  dependencies:
    "@adraffy/ens-normalize" "^1.8.8"
    web3-core "^4.3.0"
    web3-errors "^1.1.3"
    web3-eth "^4.3.1"
    web3-eth-contract "^4.1.2"
    web3-net "^4.0.7"
    web3-types "^1.3.0"
    web3-utils "^4.0.7"
    web3-validator "^2.0.3"

web3-eth-iban@^4.0.7:
  version "4.0.7"
  resolved "https://registry.npmjs.org/web3-eth-iban/-/web3-eth-iban-4.0.7.tgz"
  integrity sha512-8weKLa9KuKRzibC87vNLdkinpUE30gn0IGY027F8doeJdcPUfsa4IlBgNC4k4HLBembBB2CTU0Kr/HAOqMeYVQ==
  dependencies:
    web3-errors "^1.1.3"
    web3-types "^1.3.0"
    web3-utils "^4.0.7"
    web3-validator "^2.0.3"

web3-eth-personal@^4.0.8:
  version "4.0.8"
  resolved "https://registry.npmjs.org/web3-eth-personal/-/web3-eth-personal-4.0.8.tgz"
  integrity sha512-sXeyLKJ7ddQdMxz1BZkAwImjqh7OmKxhXoBNF3isDmD4QDpMIwv/t237S3q4Z0sZQamPa/pHebJRWVuvP8jZdw==
  dependencies:
    web3-core "^4.3.0"
    web3-eth "^4.3.1"
    web3-rpc-methods "^1.1.3"
    web3-types "^1.3.0"
    web3-utils "^4.0.7"
    web3-validator "^2.0.3"

web3-eth@^4.3.1:
  version "4.3.1"
  resolved "https://registry.npmjs.org/web3-eth/-/web3-eth-4.3.1.tgz"
  integrity sha512-zJir3GOXooHQT85JB8SrufE+Voo5TtXdjhf1D8IGXmxM8MrhI8AT+Pgt4siBTupJcu5hF17iGmTP/Nj2XnaibQ==
  dependencies:
    setimmediate "^1.0.5"
    web3-core "^4.3.0"
    web3-errors "^1.1.3"
    web3-eth-abi "^4.1.4"
    web3-eth-accounts "^4.1.0"
    web3-net "^4.0.7"
    web3-providers-ws "^4.0.7"
    web3-rpc-methods "^1.1.3"
    web3-types "^1.3.0"
    web3-utils "^4.0.7"
    web3-validator "^2.0.3"

web3-net@^4.0.7:
  version "4.0.7"
  resolved "https://registry.npmjs.org/web3-net/-/web3-net-4.0.7.tgz"
  integrity sha512-SzEaXFrBjY25iQGk5myaOfO9ZyfTwQEa4l4Ps4HDNVMibgZji3WPzpjq8zomVHMwi8bRp6VV7YS71eEsX7zLow==
  dependencies:
    web3-core "^4.3.0"
    web3-rpc-methods "^1.1.3"
    web3-types "^1.3.0"
    web3-utils "^4.0.7"

web3-providers-http@^4.1.0:
  version "4.1.0"
  resolved "https://registry.npmjs.org/web3-providers-http/-/web3-providers-http-4.1.0.tgz"
  integrity sha512-6qRUGAhJfVQM41E5t+re5IHYmb5hSaLc02BE2MaRQsz2xKA6RjmHpOA5h/+ojJxEpI9NI2CrfDKOAgtJfoUJQg==
  dependencies:
    cross-fetch "^4.0.0"
    web3-errors "^1.1.3"
    web3-types "^1.3.0"
    web3-utils "^4.0.7"

web3-providers-ipc@^4.0.7:
  version "4.0.7"
  resolved "https://registry.npmjs.org/web3-providers-ipc/-/web3-providers-ipc-4.0.7.tgz"
  integrity sha512-YbNqY4zUvIaK2MHr1lQFE53/8t/ejHtJchrWn9zVbFMGXlTsOAbNoIoZWROrg1v+hCBvT2c9z8xt7e/+uz5p1g==
  dependencies:
    web3-errors "^1.1.3"
    web3-types "^1.3.0"
    web3-utils "^4.0.7"

web3-providers-ws@^4.0.7:
  version "4.0.7"
  resolved "https://registry.npmjs.org/web3-providers-ws/-/web3-providers-ws-4.0.7.tgz"
  integrity sha512-n4Dal9/rQWjS7d6LjyEPM2R458V8blRm0eLJupDEJOOIBhGYlxw5/4FthZZ/cqB7y/sLVi7K09DdYx2MeRtU5w==
  dependencies:
    "@types/ws" "8.5.3"
    isomorphic-ws "^5.0.0"
    web3-errors "^1.1.3"
    web3-types "^1.3.0"
    web3-utils "^4.0.7"
    ws "^8.8.1"

web3-rpc-methods@^1.1.3, web3-rpc-methods@^1.1.4:
  version "1.1.4"
  resolved "https://registry.npmjs.org/web3-rpc-methods/-/web3-rpc-methods-1.1.4.tgz"
  integrity sha512-LTFNg4LFaeU8K9ecuT8fHDp/LOXyxCneeZjCrRYIW1u82Ly52SrY55FIzMIISGoG/iT5Wh7UiHOB3CQsWLBmbQ==
  dependencies:
    web3-core "^4.3.2"
    web3-types "^1.3.1"
    web3-validator "^2.0.3"

web3-types@^1.3.0, web3-types@^1.3.1:
  version "1.3.1"
  resolved "https://registry.npmjs.org/web3-types/-/web3-types-1.3.1.tgz"
  integrity sha512-8fXi7h/t95VKRtgU4sxprLPZpsTh3jYDfSghshIDBgUD/OoGe5S+syP24SUzBZYllZ/L+hMr2gdp/0bGJa8pYQ==

web3-utils@^1.3.4:
  version "1.10.3"
  resolved "https://registry.npmjs.org/web3-utils/-/web3-utils-1.10.3.tgz"
  integrity sha512-OqcUrEE16fDBbGoQtZXWdavsPzbGIDc5v3VrRTZ0XrIpefC/viZ1ZU9bGEemazyS0catk/3rkOOxpzTfY+XsyQ==
  dependencies:
    "@ethereumjs/util" "^8.1.0"
    bn.js "^5.2.1"
    ethereum-bloom-filters "^1.0.6"
    ethereum-cryptography "^2.1.2"
    ethjs-unit "0.1.6"
    number-to-bn "1.7.0"
    randombytes "^2.1.0"
    utf8 "3.0.0"

web3-utils@^4.0.7, web3-utils@^4.1.0:
  version "4.1.0"
  resolved "https://registry.npmjs.org/web3-utils/-/web3-utils-4.1.0.tgz"
  integrity sha512-+VJWR6FtCsgwuJr5tvSvQlSEG06586df8h2CxGc9tcNtIDyJKNkSDDWJkdNPvyDhhXFzQYFh8QOGymD1CIP6fw==
  dependencies:
    ethereum-cryptography "^2.0.0"
    web3-errors "^1.1.4"
    web3-types "^1.3.1"
    web3-validator "^2.0.3"

web3-validator@^2.0.3:
  version "2.0.3"
  resolved "https://registry.npmjs.org/web3-validator/-/web3-validator-2.0.3.tgz"
  integrity sha512-fJbAQh+9LSNWy+l5Ze6HABreml8fra98o5+vS073T35jUcLbRZ0IOjF/ZPJhJNbJDt+jP1vseZsc3z3uX9mxxQ==
  dependencies:
    ethereum-cryptography "^2.0.0"
    util "^0.12.5"
    web3-errors "^1.1.3"
    web3-types "^1.3.0"
    zod "^3.21.4"

web3@^4.3.0:
  version "4.3.0"
  resolved "https://registry.npmjs.org/web3/-/web3-4.3.0.tgz"
  integrity sha512-YiLCsb5wmgJlSxRLzt7Z7H+CmlVVIKD8VaUQaZ+xKVG3Q7CpsO5Z6jmeKnlr6M9c6fDDsDnRM6G8g+nchZehbA==
  dependencies:
    web3-core "^4.3.2"
    web3-errors "^1.1.4"
    web3-eth "^4.3.1"
    web3-eth-abi "^4.1.4"
    web3-eth-accounts "^4.1.0"
    web3-eth-contract "^4.1.4"
    web3-eth-ens "^4.0.8"
    web3-eth-iban "^4.0.7"
    web3-eth-personal "^4.0.8"
    web3-net "^4.0.7"
    web3-providers-http "^4.1.0"
    web3-providers-ws "^4.0.7"
    web3-rpc-methods "^1.1.4"
    web3-types "^1.3.1"
    web3-utils "^4.1.0"
    web3-validator "^2.0.3"

webidl-conversions@^3.0.0:
  version "3.0.1"
  resolved "https://registry.npmjs.org/webidl-conversions/-/webidl-conversions-3.0.1.tgz"
  integrity sha512-2JAn3z8AR6rjK8Sm8orRC0h/bcl/DqL7tRPdGZ4I1CjdF+EaMLmYxBHyXuKL849eucPFhvBoxMsflfOb8kxaeQ==

whatwg-url@^5.0.0:
  version "5.0.0"
  resolved "https://registry.npmjs.org/whatwg-url/-/whatwg-url-5.0.0.tgz"
  integrity sha512-saE57nupxk6v3HY35+jzBwYa0rKSy0XR8JSxZPwgLr7ys0IBzhGviA1/TUGJLmSVqs8pb9AnvICXEuOHLprYTw==
  dependencies:
    tr46 "~0.0.3"
    webidl-conversions "^3.0.0"

which-typed-array@^1.1.11, which-typed-array@^1.1.2:
  version "1.1.13"
  resolved "https://registry.npmjs.org/which-typed-array/-/which-typed-array-1.1.13.tgz"
  integrity sha512-P5Nra0qjSncduVPEAr7xhoF5guty49ArDTwzJ/yNuPIbZppyRxFQsRCWrocxIY+CnMVG+qfbU2FmDKyvSGClow==
  dependencies:
    available-typed-arrays "^1.0.5"
    call-bind "^1.0.4"
    for-each "^0.3.3"
    gopd "^1.0.1"
    has-tostringtag "^1.0.0"

wordwrap@>=0.0.2:
  version "1.0.0"
  resolved "https://registry.yarnpkg.com/wordwrap/-/wordwrap-1.0.0.tgz#27584810891456a4171c8d0226441ade90cbcaeb"
  integrity sha512-gvVzJFlPycKc5dZN4yPkP8w7Dc37BtP1yczEneOb4uq34pXZcvrtRTmWV8W+Ume+XCxKgbjM+nevkyFPMybd4Q==

ws@^7.4.5:
  version "7.5.9"
  resolved "https://registry.npmjs.org/ws/-/ws-7.5.9.tgz"
  integrity sha512-F+P9Jil7UiSKSkppIiD94dN07AwvFixvLIj1Og1Rl9GGMuNipJnV9JzjD6XuqmAeiswGvUmNLjr5cFuXwNS77Q==

ws@^8.5.0:
  version "8.13.0"
  resolved "https://registry.npmjs.org/ws/-/ws-8.13.0.tgz"
  integrity sha512-x9vcZYTrFPC7aSIbj7sRCYo7L/Xb8Iy+pW0ng0wt2vCJv7M9HOMy0UoN3rr+IFC7hb7vXoqS+P9ktyLLLhO+LA==

ws@^8.8.1:
  version "8.16.0"
  resolved "https://registry.npmjs.org/ws/-/ws-8.16.0.tgz"
  integrity sha512-HS0c//TP7Ina87TfiPUz1rQzMhHrl/SG2guqRcTOIUYD2q8uhUdNHZYJUaQ8aTGPzCh+c6oawMKW35nFl1dxyQ==

zod@^3.21.4:
  version "3.22.4"
  resolved "https://registry.npmjs.org/zod/-/zod-3.22.4.tgz"
  integrity sha512-iC+8Io04lddc+mVqQ9AZ7OQ2MrUKGN+oIQyq1vemgt46jwCwLfhq7/pwnBnNXXXZb8VTVLKwp9EDkx+ryxIWmg==
